
Microsoft Visual Studio Solution File, Format Version 12.00
# Visual Studio 14
VisualStudioVersion = 14.0.25420.1
MinimumVisualStudioVersion = 10.0.40219.1
Project("{FAE04EC0-301F-11D3-BF4B-00C04F79EFBC}") = "GoodbyeDPIHelper", "GoodbyeDPIHelper\GoodbyeDPIHelper.csproj", "{8E3DEB3D-8ED8-43FB-9FA3-BC46BF083ECB}"
EndProject
Global
	GlobalSection(SolutionConfigurationPlatforms) = preSolution
		Debug|Any CPU = Debug|Any CPU
		Release|Any CPU = Release|Any CPU
	EndGlobalSection
	GlobalSection(ProjectConfigurationPlatforms) = postSolution
		{8E3DEB3D-8ED8-43FB-9FA3-BC46BF083ECB}.Debug|Any CPU.ActiveCfg = Debug|Any CPU
		{8E3DEB3D-8ED8-43FB-9FA3-BC46BF083ECB}.Debug|Any CPU.Build.0 = Debug|Any CPU
		{8E3DEB3D-8ED8-43FB-9FA3-BC46BF083ECB}.Release|Any CPU.ActiveCfg = Release|Any CPU
		{8E3DEB3D-8ED8-43FB-9FA3-BC46BF083ECB}.Release|Any CPU.Build.0 = Release|Any CPU
	EndGlobalSection
	GlobalSection(SolutionProperties) = preSolution
		HideSolutionNode = FALSE
	EndGlobalSection
EndGlobal
